
Microsoft Visual Studio Solution File, Format Version 12.00
# Visual Studio Version 17
VisualStudioVersion = 17.4.33205.214
MinimumVisualStudioVersion = 10.0.40219.1
Project("{D2ABAB84-BF74-430A-B69E-9DC6D40DDA17}") = "639180_GROUP5", "639180_GROUP5\639180_GROUP5.dwproj", "{445F7874-8FAD-4604-AFF6-B98A13FB25DE}"
EndProject
Global
	GlobalSection(SolutionConfigurationPlatforms) = preSolution
		Development|Default = Development|Default
	EndGlobalSection
	GlobalSection(ProjectConfigurationPlatforms) = postSolution
		{445F7874-8FAD-4604-AFF6-B98A13FB25DE}.Development|Default.ActiveCfg = Development
		{445F7874-8FAD-4604-AFF6-B98A13FB25DE}.Development|Default.Build.0 = Development
		{445F7874-8FAD-4604-AFF6-B98A13FB25DE}.Development|Default.Deploy.0 = Development
	EndGlobalSection
	GlobalSection(SolutionProperties) = preSolution
		HideSolutionNode = FALSE
	EndGlobalSection
	GlobalSection(ExtensibilityGlobals) = postSolution
		SolutionGuid = {6E843C09-7C26-4672-AC10-C9D637DA90A6}
	EndGlobalSection
EndGlobal
